
Microsoft Visual Studio Solution File, Format Version 12.00
# Visual Studio Version 17
VisualStudioVersion = 17.5.002.0
MinimumVisualStudioVersion = 10.0.40219.1
Project("{9A19103F-16F7-4668-BE54-9A1E7A4F7556}") = "Portafolio2", "Portafolio2.csproj", "{BD2E894A-9AC8-4CD7-BDD6-71005F42459C}"
EndProject
Global
	GlobalSection(SolutionConfigurationPlatforms) = preSolution
		Debug|Any CPU = Debug|Any CPU
		Release|Any CPU = Release|Any CPU
	EndGlobalSection
	GlobalSection(ProjectConfigurationPlatforms) = postSolution
		{BD2E894A-9AC8-4CD7-BDD6-71005F42459C}.Debug|Any CPU.ActiveCfg = Debug|Any CPU
		{BD2E894A-9AC8-4CD7-BDD6-71005F42459C}.Debug|Any CPU.Build.0 = Debug|Any CPU
		{BD2E894A-9AC8-4CD7-BDD6-71005F42459C}.Release|Any CPU.ActiveCfg = Release|Any CPU
		{BD2E894A-9AC8-4CD7-BDD6-71005F42459C}.Release|Any CPU.Build.0 = Release|Any CPU
	EndGlobalSection
	GlobalSection(SolutionProperties) = preSolution
		HideSolutionNode = FALSE
	EndGlobalSection
	GlobalSection(ExtensibilityGlobals) = postSolution
		SolutionGuid = {0F5A1BBB-552B-4F6E-8B16-5ADF27A5F518}
	EndGlobalSection
EndGlobal
